
Microsoft Visual Studio Solution File, Format Version 12.00
# Visual Studio 15
Project("{FAE04EC0-301F-11D3-BF4B-00C04F79EFBC}") = "Medhurst.CodeTalk", "Medhurst.CodeTalk\Medhurst.CodeTalk.csproj", "{2CDAC3C2-0F57-429F-B755-7E24D037FB24}"
EndProject
Global
	GlobalSection(SolutionConfigurationPlatforms) = preSolution
		Debug|Any CPU = Debug|Any CPU
		Release|Any CPU = Release|Any CPU
	EndGlobalSection
	GlobalSection(ProjectConfigurationPlatforms) = postSolution
		{2CDAC3C2-0F57-429F-B755-7E24D037FB24}.Debug|Any CPU.ActiveCfg = Debug|Any CPU
		{2CDAC3C2-0F57-429F-B755-7E24D037FB24}.Debug|Any CPU.Build.0 = Debug|Any CPU
		{2CDAC3C2-0F57-429F-B755-7E24D037FB24}.Release|Any CPU.ActiveCfg = Release|Any CPU
		{2CDAC3C2-0F57-429F-B755-7E24D037FB24}.Release|Any CPU.Build.0 = Release|Any CPU
	EndGlobalSection
EndGlobal
